<?xml version="1.0" encoding="UTF-8" standalone="yes" ?>
<CodeBlocks_project_file>
	<FileVersion major="1" minor="6" />
	<Project>
		<Option title="snakegame_plus" />
		<Option pch_mode="2" />
		<Option compiler="gcc" />
		<Build>
			<Target title="Debug">
				<Option output="bin/Debug/snakegame_plus" prefix_auto="1" extension_auto="1" />
				<Option object_output="obj/Debug/" />
				<Option type="1" />
				<Option compiler="gcc" />
				<Compiler>
					<Add option="-g" />
				</Compiler>
				<Linker>
					<Add library="pdcurses" />
					<Add library="sfml-system-d" />
					<Add library="sfml-window-d" />
					<Add library="sfml-graphics-d" />
					<Add library="sfml-audio-d" />
					<Add library="sfml-network-d" />
					<Add directory="../../SnakegamePlus" />
				</Linker>
			</Target>
			<Target title="Release">
				<Option output="bin/Release/snakegame_plus" prefix_auto="1" extension_auto="1" />
				<Option object_output="obj/Release/" />
				<Option type="1" />
				<Option compiler="gcc" />
				<Compiler>
					<Add option="-O2" />
				</Compiler>
				<Linker>
					<Add option="-s" />
					<Add library="pdcurses" />
					<Add library="sfml-system" />
					<Add library="sfml-window" />
					<Add library="sfml-graphics" />
					<Add library="sfml-audio" />
					<Add library="sfml-network" />
				</Linker>
			</Target>
		</Build>
		<Compiler>
			<Add option="-Wall" />
			<Add option="-fexceptions" />
			<Add directory="D:/SFML-2.5.1/include" />
		</Compiler>
		<Linker>
			<Add directory="D:/SFML-2.5.1/bulid/lib" />
		</Linker>
		<Unit filename="../color.cpp" />
		<Unit filename="../color.h" />
		<Unit filename="../curses.h" />
		<Unit filename="../game.cpp" />
		<Unit filename="../game.h" />
		<Unit filename="../game_fun.cpp" />
		<Unit filename="../game_fun.h" />
		<Unit filename="../game_great.cpp" />
		<Unit filename="../game_great.h" />
		<Unit filename="../game_pair.cpp" />
		<Unit filename="../game_pair.h" />
		<Unit filename="../main.cpp" />
		<Unit filename="../snake.cpp" />
		<Unit filename="../snake.h" />
		<Unit filename="../snake_fun.cpp" />
		<Unit filename="../snake_fun.h" />
		<Unit filename="../snake_great.cpp" />
		<Unit filename="../snake_great.h" />
		<Unit filename="../snake_pair.cpp" />
		<Unit filename="../snake_pair.h" />
		<Unit filename="game_pair.h" />
		<Unit filename="snake_fun.h" />
		<Unit filename="snake_pair.h" />
		<Extensions />
	</Project>
</CodeBlocks_project_file>
